
Microsoft Visual Studio Solution File, Format Version 12.00
# Visual Studio Version 17
VisualStudioVersion = 17.9.34310.174
MinimumVisualStudioVersion = 10.0.40219.1
Project("{FAE04EC0-301F-11D3-BF4B-00C04F79EFBC}") = "Api202", "Api202\Api202.csproj", "{D4BFC061-166A-4B69-A9B9-AC982B35A7D5}"
EndProject
Global
	GlobalSection(SolutionConfigurationPlatforms) = preSolution
		Debug|Any CPU = Debug|Any CPU
		Release|Any CPU = Release|Any CPU
	EndGlobalSection
	GlobalSection(ProjectConfigurationPlatforms) = postSolution
		{D4BFC061-166A-4B69-A9B9-AC982B35A7D5}.Debug|Any CPU.ActiveCfg = Debug|Any CPU
		{D4BFC061-166A-4B69-A9B9-AC982B35A7D5}.Debug|Any CPU.Build.0 = Debug|Any CPU
		{D4BFC061-166A-4B69-A9B9-AC982B35A7D5}.Release|Any CPU.ActiveCfg = Release|Any CPU
		{D4BFC061-166A-4B69-A9B9-AC982B35A7D5}.Release|Any CPU.Build.0 = Release|Any CPU
	EndGlobalSection
	GlobalSection(SolutionProperties) = preSolution
		HideSolutionNode = FALSE
	EndGlobalSection
	GlobalSection(ExtensibilityGlobals) = postSolution
		SolutionGuid = {BF776610-E9A1-486B-BBD0-0153A8B1095F}
	EndGlobalSection
EndGlobal
